
Microsoft Visual Studio Solution File, Format Version 12.00
# Visual Studio 2010
Project("{FAE04EC0-301F-11D3-BF4B-00C04F79EFBC}") = "csharp-github-api", "csharp-github-api\csharp-github-api.csproj", "{AC8795CC-BDFF-4D37-85EE-E17A7D5A8A59}"
EndProject
Project("{FAE04EC0-301F-11D3-BF4B-00C04F79EFBC}") = "csharp-github-api.Tests", "csharp-github-api.Tests\csharp-github-api.Tests.csproj", "{16450E56-7802-4E7B-9F01-6A4824175B15}"
EndProject
Project("{FAE04EC0-301F-11D3-BF4B-00C04F79EFBC}") = "csharp-github-api.IntegrationTests", "csharp-github-api.IntegrationTests\csharp-github-api.IntegrationTests.csproj", "{77E78A72-17B3-436F-8F26-B2910F3101DE}"
EndProject
Project("{2150E333-8FDC-42A3-9474-1A3956D46DE8}") = "Solution Items", "Solution Items", "{2FE975C2-5936-4F20-869D-48EC01639188}"
	ProjectSection(SolutionItems) = preProject
		LICENSE.txt = LICENSE.txt
		SolutionVersion.cs = SolutionVersion.cs
	EndProjectSection
EndProject
Project("{2150E333-8FDC-42A3-9474-1A3956D46DE8}") = ".nuget", ".nuget", "{A399513F-82FF-4E02-94A0-6F7C76430C35}"
	ProjectSection(SolutionItems) = preProject
		.nuget\NuGet.exe = .nuget\NuGet.exe
		.nuget\NuGet.targets = .nuget\NuGet.targets
	EndProjectSection
EndProject
Project("{FAE04EC0-301F-11D3-BF4B-00C04F79EFBC}") = "csharp-github-api.Models", "csharp-github-api.Models\csharp-github-api.Models.csproj", "{81AC5037-2479-4AFC-A159-095265306A66}"
EndProject
Global
	GlobalSection(SolutionConfigurationPlatforms) = preSolution
		Debug|Any CPU = Debug|Any CPU
		Debug|Mixed Platforms = Debug|Mixed Platforms
		Debug|x86 = Debug|x86
		Release|Any CPU = Release|Any CPU
		Release|Mixed Platforms = Release|Mixed Platforms
		Release|x86 = Release|x86
	EndGlobalSection
	GlobalSection(ProjectConfigurationPlatforms) = postSolution
		{AC8795CC-BDFF-4D37-85EE-E17A7D5A8A59}.Debug|Any CPU.ActiveCfg = Debug|Any CPU
		{AC8795CC-BDFF-4D37-85EE-E17A7D5A8A59}.Debug|Any CPU.Build.0 = Debug|Any CPU
		{AC8795CC-BDFF-4D37-85EE-E17A7D5A8A59}.Debug|Mixed Platforms.ActiveCfg = Debug|Any CPU
		{AC8795CC-BDFF-4D37-85EE-E17A7D5A8A59}.Debug|Mixed Platforms.Build.0 = Debug|Any CPU
		{AC8795CC-BDFF-4D37-85EE-E17A7D5A8A59}.Debug|x86.ActiveCfg = Debug|Any CPU
		{AC8795CC-BDFF-4D37-85EE-E17A7D5A8A59}.Release|Any CPU.ActiveCfg = Release|Any CPU
		{AC8795CC-BDFF-4D37-85EE-E17A7D5A8A59}.Release|Any CPU.Build.0 = Release|Any CPU
		{AC8795CC-BDFF-4D37-85EE-E17A7D5A8A59}.Release|Mixed Platforms.ActiveCfg = Release|Any CPU
		{AC8795CC-BDFF-4D37-85EE-E17A7D5A8A59}.Release|Mixed Platforms.Build.0 = Release|Any CPU
		{AC8795CC-BDFF-4D37-85EE-E17A7D5A8A59}.Release|x86.ActiveCfg = Release|Any CPU
		{16450E56-7802-4E7B-9F01-6A4824175B15}.Debug|Any CPU.ActiveCfg = Debug|Any CPU
		{16450E56-7802-4E7B-9F01-6A4824175B15}.Debug|Any CPU.Build.0 = Debug|Any CPU
		{16450E56-7802-4E7B-9F01-6A4824175B15}.Debug|Mixed Platforms.ActiveCfg = Debug|Any CPU
		{16450E56-7802-4E7B-9F01-6A4824175B15}.Debug|Mixed Platforms.Build.0 = Debug|Any CPU
		{16450E56-7802-4E7B-9F01-6A4824175B15}.Debug|x86.ActiveCfg = Debug|Any CPU
		{16450E56-7802-4E7B-9F01-6A4824175B15}.Release|Any CPU.ActiveCfg = Release|Any CPU
		{16450E56-7802-4E7B-9F01-6A4824175B15}.Release|Any CPU.Build.0 = Release|Any CPU
		{16450E56-7802-4E7B-9F01-6A4824175B15}.Release|Mixed Platforms.ActiveCfg = Release|Any CPU
		{16450E56-7802-4E7B-9F01-6A4824175B15}.Release|Mixed Platforms.Build.0 = Release|Any CPU
		{16450E56-7802-4E7B-9F01-6A4824175B15}.Release|x86.ActiveCfg = Release|Any CPU
		{77E78A72-17B3-436F-8F26-B2910F3101DE}.Debug|Any CPU.ActiveCfg = Debug|Any CPU
		{77E78A72-17B3-436F-8F26-B2910F3101DE}.Debug|Any CPU.Build.0 = Debug|Any CPU
		{77E78A72-17B3-436F-8F26-B2910F3101DE}.Debug|Mixed Platforms.ActiveCfg = Debug|Any CPU
		{77E78A72-17B3-436F-8F26-B2910F3101DE}.Debug|Mixed Platforms.Build.0 = Debug|Any CPU
		{77E78A72-17B3-436F-8F26-B2910F3101DE}.Debug|x86.ActiveCfg = Debug|Any CPU
		{77E78A72-17B3-436F-8F26-B2910F3101DE}.Release|Any CPU.ActiveCfg = Release|Any CPU
		{77E78A72-17B3-436F-8F26-B2910F3101DE}.Release|Any CPU.Build.0 = Release|Any CPU
		{77E78A72-17B3-436F-8F26-B2910F3101DE}.Release|Mixed Platforms.ActiveCfg = Release|Any CPU
		{77E78A72-17B3-436F-8F26-B2910F3101DE}.Release|Mixed Platforms.Build.0 = Release|Any CPU
		{77E78A72-17B3-436F-8F26-B2910F3101DE}.Release|x86.ActiveCfg = Release|Any CPU
		{81AC5037-2479-4AFC-A159-095265306A66}.Debug|Any CPU.ActiveCfg = Debug|Any CPU
		{81AC5037-2479-4AFC-A159-095265306A66}.Debug|Any CPU.Build.0 = Debug|Any CPU
		{81AC5037-2479-4AFC-A159-095265306A66}.Debug|Mixed Platforms.ActiveCfg = Debug|Any CPU
		{81AC5037-2479-4AFC-A159-095265306A66}.Debug|Mixed Platforms.Build.0 = Debug|Any CPU
		{81AC5037-2479-4AFC-A159-095265306A66}.Debug|x86.ActiveCfg = Debug|Any CPU
		{81AC5037-2479-4AFC-A159-095265306A66}.Release|Any CPU.ActiveCfg = Release|Any CPU
		{81AC5037-2479-4AFC-A159-095265306A66}.Release|Any CPU.Build.0 = Release|Any CPU
		{81AC5037-2479-4AFC-A159-095265306A66}.Release|Mixed Platforms.ActiveCfg = Release|Any CPU
		{81AC5037-2479-4AFC-A159-095265306A66}.Release|Mixed Platforms.Build.0 = Release|Any CPU
		{81AC5037-2479-4AFC-A159-095265306A66}.Release|x86.ActiveCfg = Release|Any CPU
	EndGlobalSection
	GlobalSection(SolutionProperties) = preSolution
		HideSolutionNode = FALSE
	EndGlobalSection
EndGlobal
