
Microsoft Visual Studio Solution File, Format Version 11.00
# Visual Studio 2010
Project("{FAE04EC0-301F-11D3-BF4B-00C04F79EFBC}") = "csharp-github-api", "csharp-github-api\csharp-github-api.csproj", "{AC8795CC-BDFF-4D37-85EE-E17A7D5A8A59}"
EndProject
Project("{FAE04EC0-301F-11D3-BF4B-00C04F79EFBC}") = "csharp-github-api.Tests", "csharp-github-api.Tests\csharp-github-api.Tests.csproj", "{16450E56-7802-4E7B-9F01-6A4824175B15}"
EndProject
Project("{FAE04EC0-301F-11D3-BF4B-00C04F79EFBC}") = "csharp-github-api.IntegrationTests", "csharp-github-api.IntegrationTests\csharp-github-api.IntegrationTests.csproj", "{77E78A72-17B3-436F-8F26-B2910F3101DE}"
EndProject
Project("{2150E333-8FDC-42A3-9474-1A3956D46DE8}") = "RestSharp", "RestSharp", "{B6B98B3B-7964-4A57-9E6F-1C06AADC2822}"
EndProject
Project("{2150E333-8FDC-42A3-9474-1A3956D46DE8}") = "Solution Items", "Solution Items", "{2FE975C2-5936-4F20-869D-48EC01639188}"
	ProjectSection(SolutionItems) = preProject
		LICENSE.txt = LICENSE.txt
	EndProjectSection
EndProject
Global
	GlobalSection(SolutionConfigurationPlatforms) = preSolution
		Debug|Any CPU = Debug|Any CPU
		Release|Any CPU = Release|Any CPU
	EndGlobalSection
	GlobalSection(ProjectConfigurationPlatforms) = postSolution
		{AC8795CC-BDFF-4D37-85EE-E17A7D5A8A59}.Debug|Any CPU.ActiveCfg = Debug|Any CPU
		{AC8795CC-BDFF-4D37-85EE-E17A7D5A8A59}.Debug|Any CPU.Build.0 = Debug|Any CPU
		{AC8795CC-BDFF-4D37-85EE-E17A7D5A8A59}.Release|Any CPU.ActiveCfg = Release|Any CPU
		{AC8795CC-BDFF-4D37-85EE-E17A7D5A8A59}.Release|Any CPU.Build.0 = Release|Any CPU
		{16450E56-7802-4E7B-9F01-6A4824175B15}.Debug|Any CPU.ActiveCfg = Debug|Any CPU
		{16450E56-7802-4E7B-9F01-6A4824175B15}.Debug|Any CPU.Build.0 = Debug|Any CPU
		{16450E56-7802-4E7B-9F01-6A4824175B15}.Release|Any CPU.ActiveCfg = Release|Any CPU
		{16450E56-7802-4E7B-9F01-6A4824175B15}.Release|Any CPU.Build.0 = Release|Any CPU
		{77E78A72-17B3-436F-8F26-B2910F3101DE}.Debug|Any CPU.ActiveCfg = Debug|Any CPU
		{77E78A72-17B3-436F-8F26-B2910F3101DE}.Debug|Any CPU.Build.0 = Debug|Any CPU
		{77E78A72-17B3-436F-8F26-B2910F3101DE}.Release|Any CPU.ActiveCfg = Release|Any CPU
		{77E78A72-17B3-436F-8F26-B2910F3101DE}.Release|Any CPU.Build.0 = Release|Any CPU
	EndGlobalSection
	GlobalSection(SolutionProperties) = preSolution
		HideSolutionNode = FALSE
	EndGlobalSection
EndGlobal
